// !$*UTF8*$!
{
	archiveVersion = 1;
	classes = {
	};
	objectVersion = 51;
	objects = {

/* Begin PBXBuildFile section */
		DC21A73F23B9C0C30072FF0A /* SceneDelegate.swift in Sources */ = {isa = PBXBuildFile; fileRef = DC21A73E23B9C0C30072FF0A /* SceneDelegate.swift */; };
		DC6DA12A23B8B52000C9459B /* MobileListViewCell.xib in Resources */ = {isa = PBXBuildFile; fileRef = DC6DA12923B8B52000C9459B /* MobileListViewCell.xib */; };
		DC6DA12C23B9043900C9459B /* MobileListViewCell.swift in Sources */ = {isa = PBXBuildFile; fileRef = DC6DA12B23B9043900C9459B /* MobileListViewCell.swift */; };
		DC6DA12F23B9147A00C9459B /* ApiClient.swift in Sources */ = {isa = PBXBuildFile; fileRef = DC6DA12E23B9147A00C9459B /* ApiClient.swift */; };
		DC6DA13123B9155700C9459B /* MobileList.swift in Sources */ = {isa = PBXBuildFile; fileRef = DC6DA13023B9155700C9459B /* MobileList.swift */; };
		DC6DA13423B9190800C9459B /* UIImageExtension.swift in Sources */ = {isa = PBXBuildFile; fileRef = DC6DA13323B9190800C9459B /* UIImageExtension.swift */; };
		DC6DA13623B9269B00C9459B /* UILabelExtension.swift in Sources */ = {isa = PBXBuildFile; fileRef = DC6DA13523B9269B00C9459B /* UILabelExtension.swift */; };
		DCCB80BA23B8AFA3000D2627 /* AppDelegate.swift in Sources */ = {isa = PBXBuildFile; fileRef = DCCB80B923B8AFA3000D2627 /* AppDelegate.swift */; };
		DCCB80BE23B8AFA3000D2627 /* MobileListViewController.swift in Sources */ = {isa = PBXBuildFile; fileRef = DCCB80BD23B8AFA3000D2627 /* MobileListViewController.swift */; };
		DCCB80C123B8AFA4000D2627 /* Main.storyboard in Resources */ = {isa = PBXBuildFile; fileRef = DCCB80BF23B8AFA4000D2627 /* Main.storyboard */; };
		DCCB80C323B8AFA6000D2627 /* Assets.xcassets in Resources */ = {isa = PBXBuildFile; fileRef = DCCB80C223B8AFA6000D2627 /* Assets.xcassets */; };
		DCCB80C623B8AFA6000D2627 /* LaunchScreen.storyboard in Resources */ = {isa = PBXBuildFile; fileRef = DCCB80C423B8AFA6000D2627 /* LaunchScreen.storyboard */; };
		F3AC48BF1262DFA0FF9FF924 /* Pods_Mobiles_catalog_app.framework in Frameworks */ = {isa = PBXBuildFile; fileRef = A6FCF3A7AD524E5E50BC247F /* Pods_Mobiles_catalog_app.framework */; };
/* End PBXBuildFile section */

/* Begin PBXFileReference section */
		1CDB2E375C7F8DF9C9FF24CD /* Pods-Mobiles catalog app.release.xcconfig */ = {isa = PBXFileReference; includeInIndex = 1; lastKnownFileType = text.xcconfig; name = "Pods-Mobiles catalog app.release.xcconfig"; path = "Target Support Files/Pods-Mobiles catalog app/Pods-Mobiles catalog app.release.xcconfig"; sourceTree = "<group>"; };
		9A592D9B539F4721568EB22E /* Pods-Mobiles catalog app.debug.xcconfig */ = {isa = PBXFileReference; includeInIndex = 1; lastKnownFileType = text.xcconfig; name = "Pods-Mobiles catalog app.debug.xcconfig"; path = "Target Support Files/Pods-Mobiles catalog app/Pods-Mobiles catalog app.debug.xcconfig"; sourceTree = "<group>"; };
		A6FCF3A7AD524E5E50BC247F /* Pods_Mobiles_catalog_app.framework */ = {isa = PBXFileReference; explicitFileType = wrapper.framework; includeInIndex = 0; path = Pods_Mobiles_catalog_app.framework; sourceTree = BUILT_PRODUCTS_DIR; };
		DC21A73E23B9C0C30072FF0A /* SceneDelegate.swift */ = {isa = PBXFileReference; fileEncoding = 4; lastKnownFileType = sourcecode.swift; path = SceneDelegate.swift; sourceTree = "<group>"; };
		DC6DA12923B8B52000C9459B /* MobileListViewCell.xib */ = {isa = PBXFileReference; lastKnownFileType = file.xib; path = MobileListViewCell.xib; sourceTree = "<group>"; };
		DC6DA12B23B9043900C9459B /* MobileListViewCell.swift */ = {isa = PBXFileReference; lastKnownFileType = sourcecode.swift; path = MobileListViewCell.swift; sourceTree = "<group>"; };
		DC6DA12E23B9147A00C9459B /* ApiClient.swift */ = {isa = PBXFileReference; lastKnownFileType = sourcecode.swift; path = ApiClient.swift; sourceTree = "<group>"; };
		DC6DA13023B9155700C9459B /* MobileList.swift */ = {isa = PBXFileReference; lastKnownFileType = sourcecode.swift; path = MobileList.swift; sourceTree = "<group>"; };
		DC6DA13323B9190800C9459B /* UIImageExtension.swift */ = {isa = PBXFileReference; lastKnownFileType = sourcecode.swift; path = UIImageExtension.swift; sourceTree = "<group>"; };
		DC6DA13523B9269B00C9459B /* UILabelExtension.swift */ = {isa = PBXFileReference; lastKnownFileType = sourcecode.swift; path = UILabelExtension.swift; sourceTree = "<group>"; };
		DCCB80B623B8AFA3000D2627 /* Mobiles catalog app.app */ = {isa = PBXFileReference; explicitFileType = wrapper.application; includeInIndex = 0; path = "Mobiles catalog app.app"; sourceTree = BUILT_PRODUCTS_DIR; };
		DCCB80B923B8AFA3000D2627 /* AppDelegate.swift */ = {isa = PBXFileReference; lastKnownFileType = sourcecode.swift; path = AppDelegate.swift; sourceTree = "<group>"; };
		DCCB80BD23B8AFA3000D2627 /* MobileListViewController.swift */ = {isa = PBXFileReference; lastKnownFileType = sourcecode.swift; path = MobileListViewController.swift; sourceTree = "<group>"; };
		DCCB80C023B8AFA4000D2627 /* Base */ = {isa = PBXFileReference; lastKnownFileType = file.storyboard; name = Base; path = Base.lproj/Main.storyboard; sourceTree = "<group>"; };
		DCCB80C223B8AFA6000D2627 /* Assets.xcassets */ = {isa = PBXFileReference; lastKnownFileType = folder.assetcatalog; path = Assets.xcassets; sourceTree = "<group>"; };
		DCCB80C523B8AFA6000D2627 /* Base */ = {isa = PBXFileReference; lastKnownFileType = file.storyboard; name = Base; path = Base.lproj/LaunchScreen.storyboard; sourceTree = "<group>"; };
		DCCB80C723B8AFA6000D2627 /* Info.plist */ = {isa = PBXFileReference; lastKnownFileType = text.plist.xml; path = Info.plist; sourceTree = "<group>"; };
/* End PBXFileReference section */

/* Begin PBXFrameworksBuildPhase section */
		DCCB80B323B8AFA3000D2627 /* Frameworks */ = {
			isa = PBXFrameworksBuildPhase;
			buildActionMask = 2147483647;
			files = (
				F3AC48BF1262DFA0FF9FF924 /* Pods_Mobiles_catalog_app.framework in Frameworks */,
			);
			runOnlyForDeploymentPostprocessing = 0;
		};
/* End PBXFrameworksBuildPhase section */

/* Begin PBXGroup section */
		A25E79FE7C9C61211059D2F9 /* Frameworks */ = {
			isa = PBXGroup;
			children = (
				A6FCF3A7AD524E5E50BC247F /* Pods_Mobiles_catalog_app.framework */,
			);
			name = Frameworks;
			sourceTree = "<group>";
		};
		AE8DFEE6679C672428DB0C15 /* Pods */ = {
			isa = PBXGroup;
			children = (
				9A592D9B539F4721568EB22E /* Pods-Mobiles catalog app.debug.xcconfig */,
				1CDB2E375C7F8DF9C9FF24CD /* Pods-Mobiles catalog app.release.xcconfig */,
			);
			path = Pods;
			sourceTree = "<group>";
		};
		DC6DA12523B8B37E00C9459B /* Controller */ = {
			isa = PBXGroup;
			children = (
				DCCB80BD23B8AFA3000D2627 /* MobileListViewController.swift */,
			);
			path = Controller;
			sourceTree = "<group>";
		};
		DC6DA12623B8B38E00C9459B /* View */ = {
			isa = PBXGroup;
			children = (
				DC6DA12823B8B4AA00C9459B /* ViewCell */,
				DCCB80BF23B8AFA4000D2627 /* Main.storyboard */,
			);
			path = View;
			sourceTree = "<group>";
		};
		DC6DA12723B8B39900C9459B /* Model */ = {
			isa = PBXGroup;
			children = (
				DC6DA13023B9155700C9459B /* MobileList.swift */,
			);
			path = Model;
			sourceTree = "<group>";
		};
		DC6DA12823B8B4AA00C9459B /* ViewCell */ = {
			isa = PBXGroup;
			children = (
				DC6DA12923B8B52000C9459B /* MobileListViewCell.xib */,
				DC6DA12B23B9043900C9459B /* MobileListViewCell.swift */,
			);
			path = ViewCell;
			sourceTree = "<group>";
		};
		DC6DA12D23B912CF00C9459B /* Service */ = {
			isa = PBXGroup;
			children = (
				DC6DA12E23B9147A00C9459B /* ApiClient.swift */,
			);
			path = Service;
			sourceTree = "<group>";
		};
		DC6DA13223B918F000C9459B /* Extension */ = {
			isa = PBXGroup;
			children = (
				DC6DA13323B9190800C9459B /* UIImageExtension.swift */,
				DC6DA13523B9269B00C9459B /* UILabelExtension.swift */,
			);
			path = Extension;
			sourceTree = "<group>";
		};
		DCCB80AD23B8AFA3000D2627 = {
			isa = PBXGroup;
			children = (
				DCCB80B823B8AFA3000D2627 /* Mobiles catalog app */,
				DCCB80B723B8AFA3000D2627 /* Products */,
				AE8DFEE6679C672428DB0C15 /* Pods */,
				A25E79FE7C9C61211059D2F9 /* Frameworks */,
			);
			sourceTree = "<group>";
		};
		DCCB80B723B8AFA3000D2627 /* Products */ = {
			isa = PBXGroup;
			children = (
				DCCB80B623B8AFA3000D2627 /* Mobiles catalog app.app */,
			);
			name = Products;
			sourceTree = "<group>";
		};
		DCCB80B823B8AFA3000D2627 /* Mobiles catalog app */ = {
			isa = PBXGroup;
			children = (
				DC21A73E23B9C0C30072FF0A /* SceneDelegate.swift */,
				DCCB80B923B8AFA3000D2627 /* AppDelegate.swift */,
				DC6DA13223B918F000C9459B /* Extension */,
				DC6DA12D23B912CF00C9459B /* Service */,
				DC6DA12723B8B39900C9459B /* Model */,
				DC6DA12623B8B38E00C9459B /* View */,
				DC6DA12523B8B37E00C9459B /* Controller */,
				DCCB80C223B8AFA6000D2627 /* Assets.xcassets */,
				DCCB80C423B8AFA6000D2627 /* LaunchScreen.storyboard */,
				DCCB80C723B8AFA6000D2627 /* Info.plist */,
			);
			path = "Mobiles catalog app";
			sourceTree = "<group>";
		};
/* End PBXGroup section */

/* Begin PBXNativeTarget section */
		DCCB80B523B8AFA3000D2627 /* Mobiles catalog app */ = {
			isa = PBXNativeTarget;
			buildConfigurationList = DCCB80CA23B8AFA6000D2627 /* Build configuration list for PBXNativeTarget "Mobiles catalog app" */;
			buildPhases = (
				94FE551E4CD37D6DF5B1947C /* [CP] Check Pods Manifest.lock */,
				DCCB80B223B8AFA3000D2627 /* Sources */,
				DCCB80B323B8AFA3000D2627 /* Frameworks */,
				DCCB80B423B8AFA3000D2627 /* Resources */,
				96FCC7CC4556EEF57971A4CF /* [CP] Embed Pods Frameworks */,
			);
			buildRules = (
			);
			dependencies = (
			);
			name = "Mobiles catalog app";
			productName = "Mobiles catalog app";
			productReference = DCCB80B623B8AFA3000D2627 /* Mobiles catalog app.app */;
			productType = "com.apple.product-type.application";
		};
/* End PBXNativeTarget section */

/* Begin PBXProject section */
		DCCB80AE23B8AFA3000D2627 /* Project object */ = {
			isa = PBXProject;
			attributes = {
				LastSwiftUpdateCheck = 1130;
				LastUpgradeCheck = 1130;
				ORGANIZATIONNAME = littlepoy;
				TargetAttributes = {
					DCCB80B523B8AFA3000D2627 = {
						CreatedOnToolsVersion = 11.3;
					};
				};
			};
			buildConfigurationList = DCCB80B123B8AFA3000D2627 /* Build configuration list for PBXProject "Mobiles catalog app" */;
			compatibilityVersion = "Xcode 9.3";
			developmentRegion = en;
			hasScannedForEncodings = 0;
			knownRegions = (
				en,
				Base,
			);
			mainGroup = DCCB80AD23B8AFA3000D2627;
			productRefGroup = DCCB80B723B8AFA3000D2627 /* Products */;
			projectDirPath = "";
			projectRoot = "";
			targets = (
				DCCB80B523B8AFA3000D2627 /* Mobiles catalog app */,
			);
		};
/* End PBXProject section */

/* Begin PBXResourcesBuildPhase section */
		DCCB80B423B8AFA3000D2627 /* Resources */ = {
			isa = PBXResourcesBuildPhase;
			buildActionMask = 2147483647;
			files = (
				DCCB80C623B8AFA6000D2627 /* LaunchScreen.storyboard in Resources */,
				DCCB80C323B8AFA6000D2627 /* Assets.xcassets in Resources */,
				DC6DA12A23B8B52000C9459B /* MobileListViewCell.xib in Resources */,
				DCCB80C123B8AFA4000D2627 /* Main.storyboard in Resources */,
			);
			runOnlyForDeploymentPostprocessing = 0;
		};
/* End PBXResourcesBuildPhase section */

/* Begin PBXShellScriptBuildPhase section */
		94FE551E4CD37D6DF5B1947C /* [CP] Check Pods Manifest.lock */ = {
			isa = PBXShellScriptBuildPhase;
			buildActionMask = 2147483647;
			files = (
			);
			inputFileListPaths = (
			);
			inputPaths = (
				"${PODS_PODFILE_DIR_PATH}/Podfile.lock",
				"${PODS_ROOT}/Manifest.lock",
			);
			name = "[CP] Check Pods Manifest.lock";
			outputFileListPaths = (
			);
			outputPaths = (
				"$(DERIVED_FILE_DIR)/Pods-Mobiles catalog app-checkManifestLockResult.txt",
			);
			runOnlyForDeploymentPostprocessing = 0;
			shellPath = /bin/sh;
			shellScript = "diff \"${PODS_PODFILE_DIR_PATH}/Podfile.lock\" \"${PODS_ROOT}/Manifest.lock\" > /dev/null\nif [ $? != 0 ] ; then\n    # print error to STDERR\n    echo \"error: The sandbox is not in sync with the Podfile.lock. Run 'pod install' or update your CocoaPods installation.\" >&2\n    exit 1\nfi\n# This output is used by Xcode 'outputs' to avoid re-running this script phase.\necho \"SUCCESS\" > \"${SCRIPT_OUTPUT_FILE_0}\"\n";
			showEnvVarsInLog = 0;
		};
		96FCC7CC4556EEF57971A4CF /* [CP] Embed Pods Frameworks */ = {
			isa = PBXShellScriptBuildPhase;
			buildActionMask = 2147483647;
			files = (
			);
			inputFileListPaths = (
				"${PODS_ROOT}/Target Support Files/Pods-Mobiles catalog app/Pods-Mobiles catalog app-frameworks-${CONFIGURATION}-input-files.xcfilelist",
			);
			name = "[CP] Embed Pods Frameworks";
			outputFileListPaths = (
				"${PODS_ROOT}/Target Support Files/Pods-Mobiles catalog app/Pods-Mobiles catalog app-frameworks-${CONFIGURATION}-output-files.xcfilelist",
			);
			runOnlyForDeploymentPostprocessing = 0;
			shellPath = /bin/sh;
			shellScript = "\"${PODS_ROOT}/Target Support Files/Pods-Mobiles catalog app/Pods-Mobiles catalog app-frameworks.sh\"\n";
			showEnvVarsInLog = 0;
		};
/* End PBXShellScriptBuildPhase section */

/* Begin PBXSourcesBuildPhase section */
		DCCB80B223B8AFA3000D2627 /* Sources */ = {
			isa = PBXSourcesBuildPhase;
			buildActionMask = 2147483647;
			files = (
				DCCB80BE23B8AFA3000D2627 /* MobileListViewController.swift in Sources */,
				DC6DA13123B9155700C9459B /* MobileList.swift in Sources */,
				DC6DA13423B9190800C9459B /* UIImageExtension.swift in Sources */,
				DCCB80BA23B8AFA3000D2627 /* AppDelegate.swift in Sources */,
				DC6DA13623B9269B00C9459B /* UILabelExtension.swift in Sources */,
				DC6DA12C23B9043900C9459B /* MobileListViewCell.swift in Sources */,
				DC6DA12F23B9147A00C9459B /* ApiClient.swift in Sources */,
				DC21A73F23B9C0C30072FF0A /* SceneDelegate.swift in Sources */,
			);
			runOnlyForDeploymentPostprocessing = 0;
		};
/* End PBXSourcesBuildPhase section */

/* Begin PBXVariantGroup section */
		DCCB80BF23B8AFA4000D2627 /* Main.storyboard */ = {
			isa = PBXVariantGroup;
			children = (
				DCCB80C023B8AFA4000D2627 /* Base */,
			);
			name = Main.storyboard;
			sourceTree = "<group>";
		};
		DCCB80C423B8AFA6000D2627 /* LaunchScreen.storyboard */ = {
			isa = PBXVariantGroup;
			children = (
				DCCB80C523B8AFA6000D2627 /* Base */,
			);
			name = LaunchScreen.storyboard;
			sourceTree = "<group>";
		};
/* End PBXVariantGroup section */

/* Begin XCBuildConfiguration section */
		DCCB80C823B8AFA6000D2627 /* Debug */ = {
			isa = XCBuildConfiguration;
			buildSettings = {
				ALWAYS_SEARCH_USER_PATHS = NO;
				CLANG_ANALYZER_NONNULL = YES;
				CLANG_ANALYZER_NUMBER_OBJECT_CONVERSION = YES_AGGRESSIVE;
				CLANG_CXX_LANGUAGE_STANDARD = "gnu++14";
				CLANG_CXX_LIBRARY = "libc++";
				CLANG_ENABLE_MODULES = YES;
				CLANG_ENABLE_OBJC_ARC = YES;
				CLANG_ENABLE_OBJC_WEAK = YES;
				CLANG_WARN_BLOCK_CAPTURE_AUTORELEASING = YES;
				CLANG_WARN_BOOL_CONVERSION = YES;
				CLANG_WARN_COMMA = YES;
				CLANG_WARN_CONSTANT_CONVERSION = YES;
				CLANG_WARN_DEPRECATED_OBJC_IMPLEMENTATIONS = YES;
				CLANG_WARN_DIRECT_OBJC_ISA_USAGE = YES_ERROR;
				CLANG_WARN_DOCUMENTATION_COMMENTS = YES;
				CLANG_WARN_EMPTY_BODY = YES;
				CLANG_WARN_ENUM_CONVERSION = YES;
				CLANG_WARN_INFINITE_RECURSION = YES;
				CLANG_WARN_INT_CONVERSION = YES;
				CLANG_WARN_NON_LITERAL_NULL_CONVERSION = YES;
				CLANG_WARN_OBJC_IMPLICIT_RETAIN_SELF = YES;
				CLANG_WARN_OBJC_LITERAL_CONVERSION = YES;
				CLANG_WARN_OBJC_ROOT_CLASS = YES_ERROR;
				CLANG_WARN_RANGE_LOOP_ANALYSIS = YES;
				CLANG_WARN_STRICT_PROTOTYPES = YES;
				CLANG_WARN_SUSPICIOUS_MOVE = YES;
				CLANG_WARN_UNGUARDED_AVAILABILITY = YES_AGGRESSIVE;
				CLANG_WARN_UNREACHABLE_CODE = YES;
				CLANG_WARN__DUPLICATE_METHOD_MATCH = YES;
				COPY_PHASE_STRIP = NO;
				DEBUG_INFORMATION_FORMAT = dwarf;
				ENABLE_STRICT_OBJC_MSGSEND = YES;
				ENABLE_TESTABILITY = YES;
				GCC_C_LANGUAGE_STANDARD = gnu11;
				GCC_DYNAMIC_NO_PIC = NO;
				GCC_NO_COMMON_BLOCKS = YES;
				GCC_OPTIMIZATION_LEVEL = 0;
				GCC_PREPROCESSOR_DEFINITIONS = (
					"DEBUG=1",
					"$(inherited)",
				);
				GCC_WARN_64_TO_32_BIT_CONVERSION = YES;
				GCC_WARN_ABOUT_RETURN_TYPE = YES_ERROR;
				GCC_WARN_UNDECLARED_SELECTOR = YES;
				GCC_WARN_UNINITIALIZED_AUTOS = YES_AGGRESSIVE;
				GCC_WARN_UNUSED_FUNCTION = YES;
				GCC_WARN_UNUSED_VARIABLE = YES;
				IPHONEOS_DEPLOYMENT_TARGET = 13.2;
				MTL_ENABLE_DEBUG_INFO = INCLUDE_SOURCE;
				MTL_FAST_MATH = YES;
				ONLY_ACTIVE_ARCH = YES;
				SDKROOT = iphoneos;
				SWIFT_ACTIVE_COMPILATION_CONDITIONS = DEBUG;
				SWIFT_OPTIMIZATION_LEVEL = "-Onone";
			};
			name = Debug;
		};
		DCCB80C923B8AFA6000D2627 /* Release */ = {
			isa = XCBuildConfiguration;
			buildSettings = {
				ALWAYS_SEARCH_USER_PATHS = NO;
				CLANG_ANALYZER_NONNULL = YES;
				CLANG_ANALYZER_NUMBER_OBJECT_CONVERSION = YES_AGGRESSIVE;
				CLANG_CXX_LANGUAGE_STANDARD = "gnu++14";
				CLANG_CXX_LIBRARY = "libc++";
				CLANG_ENABLE_MODULES = YES;
				CLANG_ENABLE_OBJC_ARC = YES;
				CLANG_ENABLE_OBJC_WEAK = YES;
				CLANG_WARN_BLOCK_CAPTURE_AUTORELEASING = YES;
				CLANG_WARN_BOOL_CONVERSION = YES;
				CLANG_WARN_COMMA = YES;
				CLANG_WARN_CONSTANT_CONVERSION = YES;
				CLANG_WARN_DEPRECATED_OBJC_IMPLEMENTATIONS = YES;
				CLANG_WARN_DIRECT_OBJC_ISA_USAGE = YES_ERROR;
				CLANG_WARN_DOCUMENTATION_COMMENTS = YES;
				CLANG_WARN_EMPTY_BODY = YES;
				CLANG_WARN_ENUM_CONVERSION = YES;
				CLANG_WARN_INFINITE_RECURSION = YES;
				CLANG_WARN_INT_CONVERSION = YES;
				CLANG_WARN_NON_LITERAL_NULL_CONVERSION = YES;
				CLANG_WARN_OBJC_IMPLICIT_RETAIN_SELF = YES;
				CLANG_WARN_OBJC_LITERAL_CONVERSION = YES;
				CLANG_WARN_OBJC_ROOT_CLASS = YES_ERROR;
				CLANG_WARN_RANGE_LOOP_ANALYSIS = YES;
				CLANG_WARN_STRICT_PROTOTYPES = YES;
				CLANG_WARN_SUSPICIOUS_MOVE = YES;
				CLANG_WARN_UNGUARDED_AVAILABILITY = YES_AGGRESSIVE;
				CLANG_WARN_UNREACHABLE_CODE = YES;
				CLANG_WARN__DUPLICATE_METHOD_MATCH = YES;
				COPY_PHASE_STRIP = NO;
				DEBUG_INFORMATION_FORMAT = "dwarf-with-dsym";
				ENABLE_NS_ASSERTIONS = NO;
				ENABLE_STRICT_OBJC_MSGSEND = YES;
				GCC_C_LANGUAGE_STANDARD = gnu11;
				GCC_NO_COMMON_BLOCKS = YES;
				GCC_WARN_64_TO_32_BIT_CONVERSION = YES;
				GCC_WARN_ABOUT_RETURN_TYPE = YES_ERROR;
				GCC_WARN_UNDECLARED_SELECTOR = YES;
				GCC_WARN_UNINITIALIZED_AUTOS = YES_AGGRESSIVE;
				GCC_WARN_UNUSED_FUNCTION = YES;
				GCC_WARN_UNUSED_VARIABLE = YES;
				IPHONEOS_DEPLOYMENT_TARGET = 13.2;
				MTL_ENABLE_DEBUG_INFO = NO;
				MTL_FAST_MATH = YES;
				SDKROOT = iphoneos;
				SWIFT_COMPILATION_MODE = wholemodule;
				SWIFT_OPTIMIZATION_LEVEL = "-O";
				VALIDATE_PRODUCT = YES;
			};
			name = Release;
		};
		DCCB80CB23B8AFA6000D2627 /* Debug */ = {
			isa = XCBuildConfiguration;
			baseConfigurationReference = 9A592D9B539F4721568EB22E /* Pods-Mobiles catalog app.debug.xcconfig */;
			buildSettings = {
				ASSETCATALOG_COMPILER_APPICON_NAME = AppIcon;
				CODE_SIGN_STYLE = Automatic;
				DEVELOPMENT_TEAM = XBZD4U22ZP;
				INFOPLIST_FILE = "Mobiles catalog app/Info.plist";
				IPHONEOS_DEPLOYMENT_TARGET = 12.0;
				LD_RUNPATH_SEARCH_PATHS = (
					"$(inherited)",
					"@executable_path/Frameworks",
				);
				PRODUCT_BUNDLE_IDENTIFIER = "littlepoy.Mobiles-catalog-app";
				PRODUCT_NAME = "$(TARGET_NAME)";
				SWIFT_VERSION = 5.0;
				TARGETED_DEVICE_FAMILY = "1,2";
			};
			name = Debug;
		};
		DCCB80CC23B8AFA6000D2627 /* Release */ = {
			isa = XCBuildConfiguration;
			baseConfigurationReference = 1CDB2E375C7F8DF9C9FF24CD /* Pods-Mobiles catalog app.release.xcconfig */;
			buildSettings = {
				ASSETCATALOG_COMPILER_APPICON_NAME = AppIcon;
				CODE_SIGN_STYLE = Automatic;
				DEVELOPMENT_TEAM = XBZD4U22ZP;
				INFOPLIST_FILE = "Mobiles catalog app/Info.plist";
				IPHONEOS_DEPLOYMENT_TARGET = 12.0;
				LD_RUNPATH_SEARCH_PATHS = (
					"$(inherited)",
					"@executable_path/Frameworks",
				);
				PRODUCT_BUNDLE_IDENTIFIER = "littlepoy.Mobiles-catalog-app";
				PRODUCT_NAME = "$(TARGET_NAME)";
				SWIFT_VERSION = 5.0;
				TARGETED_DEVICE_FAMILY = "1,2";
			};
			name = Release;
		};
/* End XCBuildConfiguration section */

/* Begin XCConfigurationList section */
		DCCB80B123B8AFA3000D2627 /* Build configuration list for PBXProject "Mobiles catalog app" */ = {
			isa = XCConfigurationList;
			buildConfigurations = (
				DCCB80C823B8AFA6000D2627 /* Debug */,
				DCCB80C923B8AFA6000D2627 /* Release */,
			);
			defaultConfigurationIsVisible = 0;
			defaultConfigurationName = Release;
		};
		DCCB80CA23B8AFA6000D2627 /* Build configuration list for PBXNativeTarget "Mobiles catalog app" */ = {
			isa = XCConfigurationList;
			buildConfigurations = (
				DCCB80CB23B8AFA6000D2627 /* Debug */,
				DCCB80CC23B8AFA6000D2627 /* Release */,
			);
			defaultConfigurationIsVisible = 0;
			defaultConfigurationName = Release;
		};
/* End XCConfigurationList section */
	};
	rootObject = DCCB80AE23B8AFA3000D2627 /* Project object */;
}
